
Microsoft Visual Studio Solution File, Format Version 10.00
# Visual C++ Express 2008
Project("{8BC9CEB8-8B4A-11D0-8D11-00A0C91BC942}") = "soccer", "soccer.vcproj", "{DDA2CE1C-2CC9-4D45-918C-3B394172B33D}"
EndProject
Global
	GlobalSection(SolutionConfigurationPlatforms) = preSolution
		Debug|Win32 = Debug|Win32
		DebugWx|Win32 = DebugWx|Win32
		Release|Win32 = Release|Win32
		ReleaseWx|Win32 = ReleaseWx|Win32
		Standard|Win32 = Standard|Win32
		StandardWx|Win32 = StandardWx|Win32
	EndGlobalSection
	GlobalSection(ProjectConfigurationPlatforms) = postSolution
		{DDA2CE1C-2CC9-4D45-918C-3B394172B33D}.Debug|Win32.ActiveCfg = Debug|Win32
		{DDA2CE1C-2CC9-4D45-918C-3B394172B33D}.Debug|Win32.Build.0 = Debug|Win32
		{DDA2CE1C-2CC9-4D45-918C-3B394172B33D}.DebugWx|Win32.ActiveCfg = Debug|Win32
		{DDA2CE1C-2CC9-4D45-918C-3B394172B33D}.DebugWx|Win32.Build.0 = Debug|Win32
		{DDA2CE1C-2CC9-4D45-918C-3B394172B33D}.Release|Win32.ActiveCfg = Release|Win32
		{DDA2CE1C-2CC9-4D45-918C-3B394172B33D}.Release|Win32.Build.0 = Release|Win32
		{DDA2CE1C-2CC9-4D45-918C-3B394172B33D}.ReleaseWx|Win32.ActiveCfg = Release|Win32
		{DDA2CE1C-2CC9-4D45-918C-3B394172B33D}.ReleaseWx|Win32.Build.0 = Release|Win32
		{DDA2CE1C-2CC9-4D45-918C-3B394172B33D}.Standard|Win32.ActiveCfg = Release|Win32
		{DDA2CE1C-2CC9-4D45-918C-3B394172B33D}.Standard|Win32.Build.0 = Release|Win32
		{DDA2CE1C-2CC9-4D45-918C-3B394172B33D}.StandardWx|Win32.ActiveCfg = Release|Win32
		{DDA2CE1C-2CC9-4D45-918C-3B394172B33D}.StandardWx|Win32.Build.0 = Release|Win32
	EndGlobalSection
	GlobalSection(SolutionProperties) = preSolution
		HideSolutionNode = FALSE
	EndGlobalSection
EndGlobal
